
Microsoft Visual Studio Solution File, Format Version 12.00
# Visual Studio Version 17
VisualStudioVersion = 17.7.34018.315
MinimumVisualStudioVersion = 10.0.40219.1
Project("{FAE04EC0-301F-11D3-BF4B-00C04F79EFBC}") = "cihaztakip.WebUI", "cihaztakip.webui\cihaztakip.WebUI.csproj", "{A1B8F709-AD30-4DDC-A8DC-98EFFC8A129C}"
EndProject
Project("{FAE04EC0-301F-11D3-BF4B-00C04F79EFBC}") = "cihaztakip.Entity", "cihaztakip.entity\cihaztakip.Entity.csproj", "{EBC0CC38-715D-4282-8133-36E321921DAB}"
EndProject
Project("{FAE04EC0-301F-11D3-BF4B-00C04F79EFBC}") = "cihaztakip.Data", "cihaztakip.data\cihaztakip.Data.csproj", "{0C7A22CE-0797-44B1-A67C-A25F0B9B3FD6}"
EndProject
Project("{FAE04EC0-301F-11D3-BF4B-00C04F79EFBC}") = "cihaztakip.Business", "cihaztakip.business\cihaztakip.Business.csproj", "{0D620216-93A8-465B-9B9C-79183C2DAF32}"
EndProject
Global
	GlobalSection(SolutionConfigurationPlatforms) = preSolution
		Debug|Any CPU = Debug|Any CPU
		Release|Any CPU = Release|Any CPU
	EndGlobalSection
	GlobalSection(ProjectConfigurationPlatforms) = postSolution
		{A1B8F709-AD30-4DDC-A8DC-98EFFC8A129C}.Debug|Any CPU.ActiveCfg = Debug|Any CPU
		{A1B8F709-AD30-4DDC-A8DC-98EFFC8A129C}.Debug|Any CPU.Build.0 = Debug|Any CPU
		{A1B8F709-AD30-4DDC-A8DC-98EFFC8A129C}.Release|Any CPU.ActiveCfg = Release|Any CPU
		{A1B8F709-AD30-4DDC-A8DC-98EFFC8A129C}.Release|Any CPU.Build.0 = Release|Any CPU
		{EBC0CC38-715D-4282-8133-36E321921DAB}.Debug|Any CPU.ActiveCfg = Debug|Any CPU
		{EBC0CC38-715D-4282-8133-36E321921DAB}.Debug|Any CPU.Build.0 = Debug|Any CPU
		{EBC0CC38-715D-4282-8133-36E321921DAB}.Release|Any CPU.ActiveCfg = Release|Any CPU
		{EBC0CC38-715D-4282-8133-36E321921DAB}.Release|Any CPU.Build.0 = Release|Any CPU
		{0C7A22CE-0797-44B1-A67C-A25F0B9B3FD6}.Debug|Any CPU.ActiveCfg = Debug|Any CPU
		{0C7A22CE-0797-44B1-A67C-A25F0B9B3FD6}.Debug|Any CPU.Build.0 = Debug|Any CPU
		{0C7A22CE-0797-44B1-A67C-A25F0B9B3FD6}.Release|Any CPU.ActiveCfg = Release|Any CPU
		{0C7A22CE-0797-44B1-A67C-A25F0B9B3FD6}.Release|Any CPU.Build.0 = Release|Any CPU
		{0D620216-93A8-465B-9B9C-79183C2DAF32}.Debug|Any CPU.ActiveCfg = Debug|Any CPU
		{0D620216-93A8-465B-9B9C-79183C2DAF32}.Debug|Any CPU.Build.0 = Debug|Any CPU
		{0D620216-93A8-465B-9B9C-79183C2DAF32}.Release|Any CPU.ActiveCfg = Release|Any CPU
		{0D620216-93A8-465B-9B9C-79183C2DAF32}.Release|Any CPU.Build.0 = Release|Any CPU
	EndGlobalSection
	GlobalSection(SolutionProperties) = preSolution
		HideSolutionNode = FALSE
	EndGlobalSection
	GlobalSection(ExtensibilityGlobals) = postSolution
		SolutionGuid = {6EC22A39-F57A-4D1E-922E-4858AD07069F}
	EndGlobalSection
EndGlobal
